
Microsoft Visual Studio Solution File, Format Version 12.00
# Visual Studio 14
VisualStudioVersion = 14.0.24720.0
MinimumVisualStudioVersion = 10.0.40219.1
Project("{FAE04EC0-301F-11D3-BF4B-00C04F79EFBC}") = "GoWHunter.Fiddler", "GoWHunter.Fiddler\GoWHunter.Fiddler.csproj", "{934000D5-63FB-4BA9-A61F-FA2D000DBE3F}"
EndProject
Project("{FAE04EC0-301F-11D3-BF4B-00C04F79EFBC}") = "GoWHunter.Console", "GoWHunter.Console\GoWHunter.Console.csproj", "{F0F1986A-DAB5-47DF-9FE6-01B8DFF09B51}"
EndProject
Project("{FAE04EC0-301F-11D3-BF4B-00C04F79EFBC}") = "GoWHunter.WinForm", "GoWHunter.WinForm\GoWHunter.WinForm.csproj", "{E9C5F3E3-1C71-4643-B00A-5ABB3EEF547D}"
EndProject
Project("{FAE04EC0-301F-11D3-BF4B-00C04F79EFBC}") = "GoWHunter.World", "GoWHunter.World\GoWHunter.World.csproj", "{CCDAB54E-C6F7-4398-B7EF-421A137FACBF}"
EndProject
Project("{FAE04EC0-301F-11D3-BF4B-00C04F79EFBC}") = "GoWHunter.MVC", "GoWHunter.MVC\GoWHunter.MVC.csproj", "{D945037C-1F80-4048-9585-80B9CDEA2EBF}"
EndProject
Project("{2150E333-8FDC-42A3-9474-1A3956D46DE8}") = "PublishScripts", "PublishScripts", "{C4F9108B-4B7B-4306-81F4-57AB940F314E}"
EndProject
Project("{2150E333-8FDC-42A3-9474-1A3956D46DE8}") = "Scripts", "Scripts", "{043E796D-E8B2-4960-9002-340466E3168C}"
	ProjectSection(SolutionItems) = preProject
		PublishScripts\Scripts\Deploy-AzureResourceGroup.ps1 = PublishScripts\Scripts\Deploy-AzureResourceGroup.ps1
	EndProjectSection
EndProject
Project("{2150E333-8FDC-42A3-9474-1A3956D46DE8}") = "Templates", "Templates", "{4DA7A0EF-B275-491E-8AAB-0B22EC71111F}"
	ProjectSection(SolutionItems) = preProject
		PublishScripts\Templates\GoWHunterMVC.json = PublishScripts\Templates\GoWHunterMVC.json
		PublishScripts\Templates\GoWHunterMVC.param.dev.json = PublishScripts\Templates\GoWHunterMVC.param.dev.json
	EndProjectSection
EndProject
Global
	GlobalSection(SolutionConfigurationPlatforms) = preSolution
		Debug|Any CPU = Debug|Any CPU
		Release|Any CPU = Release|Any CPU
	EndGlobalSection
	GlobalSection(ProjectConfigurationPlatforms) = postSolution
		{934000D5-63FB-4BA9-A61F-FA2D000DBE3F}.Debug|Any CPU.ActiveCfg = Debug|Any CPU
		{934000D5-63FB-4BA9-A61F-FA2D000DBE3F}.Debug|Any CPU.Build.0 = Debug|Any CPU
		{934000D5-63FB-4BA9-A61F-FA2D000DBE3F}.Release|Any CPU.ActiveCfg = Release|Any CPU
		{934000D5-63FB-4BA9-A61F-FA2D000DBE3F}.Release|Any CPU.Build.0 = Release|Any CPU
		{F0F1986A-DAB5-47DF-9FE6-01B8DFF09B51}.Debug|Any CPU.ActiveCfg = Debug|Any CPU
		{F0F1986A-DAB5-47DF-9FE6-01B8DFF09B51}.Debug|Any CPU.Build.0 = Debug|Any CPU
		{F0F1986A-DAB5-47DF-9FE6-01B8DFF09B51}.Release|Any CPU.ActiveCfg = Release|Any CPU
		{F0F1986A-DAB5-47DF-9FE6-01B8DFF09B51}.Release|Any CPU.Build.0 = Release|Any CPU
		{E9C5F3E3-1C71-4643-B00A-5ABB3EEF547D}.Debug|Any CPU.ActiveCfg = Debug|Any CPU
		{E9C5F3E3-1C71-4643-B00A-5ABB3EEF547D}.Debug|Any CPU.Build.0 = Debug|Any CPU
		{E9C5F3E3-1C71-4643-B00A-5ABB3EEF547D}.Release|Any CPU.ActiveCfg = Release|Any CPU
		{E9C5F3E3-1C71-4643-B00A-5ABB3EEF547D}.Release|Any CPU.Build.0 = Release|Any CPU
		{CCDAB54E-C6F7-4398-B7EF-421A137FACBF}.Debug|Any CPU.ActiveCfg = Debug|Any CPU
		{CCDAB54E-C6F7-4398-B7EF-421A137FACBF}.Debug|Any CPU.Build.0 = Debug|Any CPU
		{CCDAB54E-C6F7-4398-B7EF-421A137FACBF}.Release|Any CPU.ActiveCfg = Release|Any CPU
		{CCDAB54E-C6F7-4398-B7EF-421A137FACBF}.Release|Any CPU.Build.0 = Release|Any CPU
		{D945037C-1F80-4048-9585-80B9CDEA2EBF}.Debug|Any CPU.ActiveCfg = Debug|Any CPU
		{D945037C-1F80-4048-9585-80B9CDEA2EBF}.Debug|Any CPU.Build.0 = Debug|Any CPU
		{D945037C-1F80-4048-9585-80B9CDEA2EBF}.Release|Any CPU.ActiveCfg = Release|Any CPU
		{D945037C-1F80-4048-9585-80B9CDEA2EBF}.Release|Any CPU.Build.0 = Release|Any CPU
	EndGlobalSection
	GlobalSection(SolutionProperties) = preSolution
		HideSolutionNode = FALSE
	EndGlobalSection
	GlobalSection(NestedProjects) = preSolution
		{043E796D-E8B2-4960-9002-340466E3168C} = {C4F9108B-4B7B-4306-81F4-57AB940F314E}
		{4DA7A0EF-B275-491E-8AAB-0B22EC71111F} = {C4F9108B-4B7B-4306-81F4-57AB940F314E}
	EndGlobalSection
EndGlobal
